
Microsoft Visual Studio Solution File, Format Version 12.00
# Visual Studio 14
VisualStudioVersion = 14.0.25123.0
MinimumVisualStudioVersion = 10.0.40219.1
Project("{FAE04EC0-301F-11D3-BF4B-00C04F79EFBC}") = "GreatestMovies", "GreatestMovies\GreatestMovies.csproj", "{22589E72-9EDB-41C2-94D3-EDCE432C18EC}"
EndProject
Global
	GlobalSection(SolutionConfigurationPlatforms) = preSolution
		Debug|Any CPU = Debug|Any CPU
		Release|Any CPU = Release|Any CPU
	EndGlobalSection
	GlobalSection(ProjectConfigurationPlatforms) = postSolution
		{22589E72-9EDB-41C2-94D3-EDCE432C18EC}.Debug|Any CPU.ActiveCfg = Debug|Any CPU
		{22589E72-9EDB-41C2-94D3-EDCE432C18EC}.Debug|Any CPU.Build.0 = Debug|Any CPU
		{22589E72-9EDB-41C2-94D3-EDCE432C18EC}.Release|Any CPU.ActiveCfg = Release|Any CPU
		{22589E72-9EDB-41C2-94D3-EDCE432C18EC}.Release|Any CPU.Build.0 = Release|Any CPU
	EndGlobalSection
	GlobalSection(SolutionProperties) = preSolution
		HideSolutionNode = FALSE
	EndGlobalSection
EndGlobal
